
Microsoft Visual Studio Solution File, Format Version 12.00
# Visual Studio Version 16
VisualStudioVersion = 16.0.31410.357
MinimumVisualStudioVersion = 10.0.40219.1
Project("{9A19103F-16F7-4668-BE54-9A1E7A4F7556}") = "ABNAmro.Domain", "ABNAmro.Domain\ABNAmro.Domain.csproj", "{D6EC38AA-2D4A-4ED0-8FAB-C686D3062AB6}"
EndProject
Project("{2150E333-8FDC-42A3-9474-1A3956D46DE8}") = "src", "src", "{473BB2AD-05D4-4FDE-B256-338F8E669882}"
EndProject
Project("{9A19103F-16F7-4668-BE54-9A1E7A4F7556}") = "ABNAmro.CrossCutting", "ABNAmro.CrossCutting\ABNAmro.CrossCutting.csproj", "{B16F0963-1533-4D67-8CDC-BEC7BA62A425}"
EndProject
Project("{9A19103F-16F7-4668-BE54-9A1E7A4F7556}") = "ABNAmro.Api", "ABNAmro.Api\ABNAmro.Api.csproj", "{AD1745C7-FFD0-4CBE-B414-36A22CD766C0}"
EndProject
Project("{9A19103F-16F7-4668-BE54-9A1E7A4F7556}") = "ABNAmro.Application", "ABNAmro.Application\ABNAmro.Application.csproj", "{88DF393B-86E4-4032-94FC-48F415CA7956}"
EndProject
Project("{9A19103F-16F7-4668-BE54-9A1E7A4F7556}") = "ABNAmro.Database", "ABNAmro.Database\ABNAmro.Database.csproj", "{19045AEF-883B-475D-BE1A-7C129A2C4791}"
EndProject
Project("{2150E333-8FDC-42A3-9474-1A3956D46DE8}") = "tests", "tests", "{735597A6-D238-4BD9-843F-E05F6AF1664D}"
EndProject
Project("{FAE04EC0-301F-11D3-BF4B-00C04F79EFBC}") = "ABNAmro.Worker", "ABNAmro.Worker\ABNAmro.Worker.csproj", "{4AAAD580-A67A-4C41-9557-8F4E0BF8ADCD}"
EndProject
Project("{FAE04EC0-301F-11D3-BF4B-00C04F79EFBC}") = "ABNAmro.Gui", "ABNAmro.Gui\ABNAmro.Gui.csproj", "{A0672501-FD03-47B2-9802-EDA71A88F7B0}"
EndProject
Project("{2150E333-8FDC-42A3-9474-1A3956D46DE8}") = "Backend", "Backend", "{6B27DAEB-FC73-4CDD-BE27-297B4E6F8F75}"
EndProject
Project("{2150E333-8FDC-42A3-9474-1A3956D46DE8}") = "Frontend", "Frontend", "{526FB59F-D73A-458A-B69E-2DD99286600C}"
EndProject
Global
	GlobalSection(SolutionConfigurationPlatforms) = preSolution
		Debug|Any CPU = Debug|Any CPU
		Release|Any CPU = Release|Any CPU
	EndGlobalSection
	GlobalSection(ProjectConfigurationPlatforms) = postSolution
		{D6EC38AA-2D4A-4ED0-8FAB-C686D3062AB6}.Debug|Any CPU.ActiveCfg = Debug|Any CPU
		{D6EC38AA-2D4A-4ED0-8FAB-C686D3062AB6}.Debug|Any CPU.Build.0 = Debug|Any CPU
		{D6EC38AA-2D4A-4ED0-8FAB-C686D3062AB6}.Release|Any CPU.ActiveCfg = Release|Any CPU
		{D6EC38AA-2D4A-4ED0-8FAB-C686D3062AB6}.Release|Any CPU.Build.0 = Release|Any CPU
		{B16F0963-1533-4D67-8CDC-BEC7BA62A425}.Debug|Any CPU.ActiveCfg = Debug|Any CPU
		{B16F0963-1533-4D67-8CDC-BEC7BA62A425}.Debug|Any CPU.Build.0 = Debug|Any CPU
		{B16F0963-1533-4D67-8CDC-BEC7BA62A425}.Release|Any CPU.ActiveCfg = Release|Any CPU
		{B16F0963-1533-4D67-8CDC-BEC7BA62A425}.Release|Any CPU.Build.0 = Release|Any CPU
		{AD1745C7-FFD0-4CBE-B414-36A22CD766C0}.Debug|Any CPU.ActiveCfg = Debug|Any CPU
		{AD1745C7-FFD0-4CBE-B414-36A22CD766C0}.Debug|Any CPU.Build.0 = Debug|Any CPU
		{AD1745C7-FFD0-4CBE-B414-36A22CD766C0}.Release|Any CPU.ActiveCfg = Release|Any CPU
		{AD1745C7-FFD0-4CBE-B414-36A22CD766C0}.Release|Any CPU.Build.0 = Release|Any CPU
		{88DF393B-86E4-4032-94FC-48F415CA7956}.Debug|Any CPU.ActiveCfg = Debug|Any CPU
		{88DF393B-86E4-4032-94FC-48F415CA7956}.Debug|Any CPU.Build.0 = Debug|Any CPU
		{88DF393B-86E4-4032-94FC-48F415CA7956}.Release|Any CPU.ActiveCfg = Release|Any CPU
		{88DF393B-86E4-4032-94FC-48F415CA7956}.Release|Any CPU.Build.0 = Release|Any CPU
		{19045AEF-883B-475D-BE1A-7C129A2C4791}.Debug|Any CPU.ActiveCfg = Debug|Any CPU
		{19045AEF-883B-475D-BE1A-7C129A2C4791}.Debug|Any CPU.Build.0 = Debug|Any CPU
		{19045AEF-883B-475D-BE1A-7C129A2C4791}.Release|Any CPU.ActiveCfg = Release|Any CPU
		{19045AEF-883B-475D-BE1A-7C129A2C4791}.Release|Any CPU.Build.0 = Release|Any CPU
		{4AAAD580-A67A-4C41-9557-8F4E0BF8ADCD}.Debug|Any CPU.ActiveCfg = Debug|Any CPU
		{4AAAD580-A67A-4C41-9557-8F4E0BF8ADCD}.Debug|Any CPU.Build.0 = Debug|Any CPU
		{4AAAD580-A67A-4C41-9557-8F4E0BF8ADCD}.Release|Any CPU.ActiveCfg = Release|Any CPU
		{4AAAD580-A67A-4C41-9557-8F4E0BF8ADCD}.Release|Any CPU.Build.0 = Release|Any CPU
		{A0672501-FD03-47B2-9802-EDA71A88F7B0}.Debug|Any CPU.ActiveCfg = Debug|Any CPU
		{A0672501-FD03-47B2-9802-EDA71A88F7B0}.Debug|Any CPU.Build.0 = Debug|Any CPU
		{A0672501-FD03-47B2-9802-EDA71A88F7B0}.Release|Any CPU.ActiveCfg = Release|Any CPU
		{A0672501-FD03-47B2-9802-EDA71A88F7B0}.Release|Any CPU.Build.0 = Release|Any CPU
	EndGlobalSection
	GlobalSection(SolutionProperties) = preSolution
		HideSolutionNode = FALSE
	EndGlobalSection
	GlobalSection(NestedProjects) = preSolution
		{D6EC38AA-2D4A-4ED0-8FAB-C686D3062AB6} = {6B27DAEB-FC73-4CDD-BE27-297B4E6F8F75}
		{B16F0963-1533-4D67-8CDC-BEC7BA62A425} = {6B27DAEB-FC73-4CDD-BE27-297B4E6F8F75}
		{AD1745C7-FFD0-4CBE-B414-36A22CD766C0} = {6B27DAEB-FC73-4CDD-BE27-297B4E6F8F75}
		{88DF393B-86E4-4032-94FC-48F415CA7956} = {6B27DAEB-FC73-4CDD-BE27-297B4E6F8F75}
		{19045AEF-883B-475D-BE1A-7C129A2C4791} = {6B27DAEB-FC73-4CDD-BE27-297B4E6F8F75}
		{4AAAD580-A67A-4C41-9557-8F4E0BF8ADCD} = {6B27DAEB-FC73-4CDD-BE27-297B4E6F8F75}
		{A0672501-FD03-47B2-9802-EDA71A88F7B0} = {526FB59F-D73A-458A-B69E-2DD99286600C}
		{6B27DAEB-FC73-4CDD-BE27-297B4E6F8F75} = {473BB2AD-05D4-4FDE-B256-338F8E669882}
		{526FB59F-D73A-458A-B69E-2DD99286600C} = {473BB2AD-05D4-4FDE-B256-338F8E669882}
	EndGlobalSection
	GlobalSection(ExtensibilityGlobals) = postSolution
		SolutionGuid = {BB81D63D-FD5B-488E-8F89-1791721FA88F}
	EndGlobalSection
EndGlobal
